
Microsoft Visual Studio Solution File, Format Version 12.00
# Visual Studio Version 16
VisualStudioVersion = 16.0.31205.134
MinimumVisualStudioVersion = 10.0.40219.1
Project("{FAE04EC0-301F-11D3-BF4B-00C04F79EFBC}") = "NewLeverApp", "NewLeverApp\NewLeverApp.csproj", "{EBFE0758-A454-4C67-AC19-9E2094924CDF}"
EndProject
Global
	GlobalSection(SolutionConfigurationPlatforms) = preSolution
		Debug|Any CPU = Debug|Any CPU
		Release|Any CPU = Release|Any CPU
	EndGlobalSection
	GlobalSection(ProjectConfigurationPlatforms) = postSolution
		{EBFE0758-A454-4C67-AC19-9E2094924CDF}.Debug|Any CPU.ActiveCfg = Debug|Any CPU
		{EBFE0758-A454-4C67-AC19-9E2094924CDF}.Debug|Any CPU.Build.0 = Debug|Any CPU
		{EBFE0758-A454-4C67-AC19-9E2094924CDF}.Release|Any CPU.ActiveCfg = Release|Any CPU
		{EBFE0758-A454-4C67-AC19-9E2094924CDF}.Release|Any CPU.Build.0 = Release|Any CPU
	EndGlobalSection
	GlobalSection(SolutionProperties) = preSolution
		HideSolutionNode = FALSE
	EndGlobalSection
	GlobalSection(ExtensibilityGlobals) = postSolution
		SolutionGuid = {DAEF3DE4-AB67-4E41-BD3C-ACB77ACD432B}
	EndGlobalSection
EndGlobal
